<?xml version="1.0" encoding="utf-8"?>
<Project ToolsVersion="4.0" xmlns="http://schemas.microsoft.com/developer/msbuild/2003">
  <ItemGroup>
    <Filter Include="Source Files">
      <UniqueIdentifier>{4FC737F1-C7A5-4376-A066-2A32D752A2FF}</UniqueIdentifier>
      <Extensions>cpp;c;cc;cxx;def;odl;idl;hpj;bat;asm;asmx</Extensions>
    </Filter>
    <Filter Include="Header Files">
      <UniqueIdentifier>{93995380-89BD-4b04-88EB-625FBE52EBFB}</UniqueIdentifier>
      <Extensions>h;hpp;hxx;hm;inl;inc;xsd</Extensions>
    </Filter>
    <Filter Include="Resource Files">
      <UniqueIdentifier>{67DA6AB6-F800-4c08-8B7A-83BB121AAD01}</UniqueIdentifier>
      <Extensions>rc;ico;cur;bmp;dlg;rc2;rct;bin;rgs;gif;jpg;jpeg;jpe;resx;tiff;tif;png;wav;mfcribbon-ms</Extensions>
    </Filter>
  </ItemGroup>
  <ItemGroup>
    <ClInclude Include="ePos.h">
      <Filter>Header Files</Filter>
    </ClInclude>
    <ClInclude Include="ePosDlg.h">
      <Filter>Header Files</Filter>
    </ClInclude>
    <ClInclude Include="stdafx.h">
      <Filter>Header Files</Filter>
    </ClInclude>
    <ClInclude Include="targetver.h">
      <Filter>Header Files</Filter>
    </ClInclude>
    <ClInclude Include="Resource.h">
      <Filter>Header Files</Filter>
    </ClInclude>
    <ClInclude Include="InvoiceDlg.h">
      <Filter>Header Files</Filter>
    </ClInclude>
    <ClInclude Include="MatrahsizDlg.h">
      <Filter>Header Files</Filter>
    </ClInclude>
    <ClInclude Include="CashierDlg.h">
      <Filter>Header Files</Filter>
    </ClInclude>
    <ClInclude Include="ItemNo.h">
      <Filter>Header Files</Filter>
    </ClInclude>
    <ClInclude Include="UserMessageDlg.h">
      <Filter>Header Files</Filter>
    </ClInclude>
    <ClInclude Include="PaymentApplication.h">
      <Filter>Header Files</Filter>
    </ClInclude>
    <ClInclude Include="TicketDlg.h">
      <Filter>Header Files</Filter>
    </ClInclude>
    <ClInclude Include="DBTranDlg.h">
      <Filter>Header Files</Filter>
    </ClInclude>
    <ClInclude Include="FunctionDlg.h">
      <Filter>Header Files</Filter>
    </ClInclude>
    <ClInclude Include="PasswordDlg.h">
      <Filter>Header Files</Filter>
    </ClInclude>
    <ClInclude Include="DepartmentDlg.h">
      <Filter>Header Files</Filter>
    </ClInclude>
    <ClInclude Include="GetInputDlg.h">
      <Filter>Header Files</Filter>
    </ClInclude>
    <ClInclude Include="PluConsoleDlg.h">
      <Filter>Header Files</Filter>
    </ClInclude>
    <ClInclude Include="EkuDlg.h">
      <Filter>Header Files</Filter>
    </ClInclude>
    <ClInclude Include="PaymentDlg.h">
      <Filter>Header Files</Filter>
    </ClInclude>
    <ClInclude Include="SelectUniqueId.h">
      <Filter>Header Files</Filter>
    </ClInclude>
    <ClInclude Include="DoPayment.h">
      <Filter>Header Files</Filter>
    </ClInclude>
    <ClInclude Include="DatabaseConsole.h">
      <Filter>Header Files</Filter>
    </ClInclude>
    <ClInclude Include="sqlite3.h">
      <Filter>Header Files</Filter>
    </ClInclude>
    <ClInclude Include="ButtonCustom.h">
      <Filter>Header Files</Filter>
    </ClInclude>
    <ClInclude Include="..\..\..\Inc\GMPSmartDLL.h">
      <Filter>Header Files</Filter>
    </ClInclude>
    <ClInclude Include="FileSystemDlg.h">
      <Filter>Header Files</Filter>
    </ClInclude>
    <ClInclude Include="OnlineInvoiceDlg.h">
      <Filter>Header Files</Filter>
    </ClInclude>
    <ClInclude Include="TaxFreeDlg.h">
      <Filter>Header Files</Filter>
    </ClInclude>
  </ItemGroup>
  <ItemGroup>
    <ClCompile Include="ePos.cpp">
      <Filter>Source Files</Filter>
    </ClCompile>
    <ClCompile Include="ePosDlg.cpp">
      <Filter>Source Files</Filter>
    </ClCompile>
    <ClCompile Include="stdafx.cpp">
      <Filter>Source Files</Filter>
    </ClCompile>
    <ClCompile Include="InvoiceDlg.cpp">
      <Filter>Source Files</Filter>
    </ClCompile>
    <ClCompile Include="MatrahsizDlg.cpp">
      <Filter>Source Files</Filter>
    </ClCompile>
    <ClCompile Include="CashierDlg.cpp">
      <Filter>Source Files</Filter>
    </ClCompile>
    <ClCompile Include="ItemNo.cpp">
      <Filter>Source Files</Filter>
    </ClCompile>
    <ClCompile Include="UserMessageDlg.cpp">
      <Filter>Source Files</Filter>
    </ClCompile>
    <ClCompile Include="PaymentApplication.cpp">
      <Filter>Source Files</Filter>
    </ClCompile>
    <ClCompile Include="TicketDlg.cpp">
      <Filter>Source Files</Filter>
    </ClCompile>
    <ClCompile Include="DBTranDlg.cpp">
      <Filter>Source Files</Filter>
    </ClCompile>
    <ClCompile Include="FunctionDlg.cpp">
      <Filter>Source Files</Filter>
    </ClCompile>
    <ClCompile Include="PasswordDlg.cpp">
      <Filter>Source Files</Filter>
    </ClCompile>
    <ClCompile Include="DepartmentDlg.cpp">
      <Filter>Source Files</Filter>
    </ClCompile>
    <ClCompile Include="GetInputDlg.cpp">
      <Filter>Source Files</Filter>
    </ClCompile>
    <ClCompile Include="PluConsoleDlg.cpp">
      <Filter>Source Files</Filter>
    </ClCompile>
    <ClCompile Include="EkuDlg.cpp">
      <Filter>Source Files</Filter>
    </ClCompile>
    <ClCompile Include="PaymentDlg.cpp">
      <Filter>Source Files</Filter>
    </ClCompile>
    <ClCompile Include="SelectUniqueId.cpp">
      <Filter>Source Files</Filter>
    </ClCompile>
    <ClCompile Include="DoPayment.cpp">
      <Filter>Source Files</Filter>
    </ClCompile>
    <ClCompile Include="DatabaseConsole.cpp">
      <Filter>Source Files</Filter>
    </ClCompile>
    <ClCompile Include="sqlite3.c">
      <Filter>Source Files</Filter>
    </ClCompile>
    <ClCompile Include="ButtonCustom.cpp">
      <Filter>Source Files</Filter>
    </ClCompile>
    <ClCompile Include="FileSystemDlg.cpp">
      <Filter>Source Files</Filter>
    </ClCompile>
    <ClCompile Include="OnlineInvoiceDlg.cpp">
      <Filter>Source Files</Filter>
    </ClCompile>
    <ClCompile Include="TaxFreeDlg.cpp">
      <Filter>Source Files</Filter>
    </ClCompile>
  </ItemGroup>
  <ItemGroup>
    <ResourceCompile Include="ePos.rc">
      <Filter>Resource Files</Filter>
    </ResourceCompile>
  </ItemGroup>
  <ItemGroup>
    <None Include="res\ePos.rc2">
      <Filter>Resource Files</Filter>
    </None>
  </ItemGroup>
  <ItemGroup>
    <Image Include="res\ePos.ico">
      <Filter>Resource Files</Filter>
    </Image>
  </ItemGroup>
</Project>